// !$*UTF8*$!
{
	archiveVersion = 1;
	classes = {
	};
	objectVersion = 46;
	objects = {

/* Begin PBXBuildFile section */
		C9061DEF181F07CE003D8A55 /* Foundation.framework in Frameworks */ = {isa = PBXBuildFile; fileRef = C9061DEE181F07CE003D8A55 /* Foundation.framework */; };
		C9061DF1181F07CE003D8A55 /* CoreGraphics.framework in Frameworks */ = {isa = PBXBuildFile; fileRef = C9061DF0181F07CE003D8A55 /* CoreGraphics.framework */; };
		C9061DF3181F07CE003D8A55 /* UIKit.framework in Frameworks */ = {isa = PBXBuildFile; fileRef = C9061DF2181F07CE003D8A55 /* UIKit.framework */; };
		C9061DF9181F07CE003D8A55 /* InfoPlist.strings in Resources */ = {isa = PBXBuildFile; fileRef = C9061DF7181F07CE003D8A55 /* InfoPlist.strings */; };
		C9061DFB181F07CE003D8A55 /* main.m in Sources */ = {isa = PBXBuildFile; fileRef = C9061DFA181F07CE003D8A55 /* main.m */; };
		C9061DFF181F07CE003D8A55 /* AppDelegate.m in Sources */ = {isa = PBXBuildFile; fileRef = C9061DFE181F07CE003D8A55 /* AppDelegate.m */; };
		C9061E02181F07CE003D8A55 /* iPhone.storyboard in Resources */ = {isa = PBXBuildFile; fileRef = C9061E00181F07CE003D8A55 /* iPhone.storyboard */; };
		C9061E05181F07CE003D8A55 /* iPad.storyboard in Resources */ = {isa = PBXBuildFile; fileRef = C9061E03181F07CE003D8A55 /* iPad.storyboard */; };
		C9061E0A181F07CE003D8A55 /* Images.xcassets in Resources */ = {isa = PBXBuildFile; fileRef = C9061E09181F07CE003D8A55 /* Images.xcassets */; };
		C9061E11181F07CE003D8A55 /* XCTest.framework in Frameworks */ = {isa = PBXBuildFile; fileRef = C9061E10181F07CE003D8A55 /* XCTest.framework */; };
		C9061E12181F07CE003D8A55 /* Foundation.framework in Frameworks */ = {isa = PBXBuildFile; fileRef = C9061DEE181F07CE003D8A55 /* Foundation.framework */; };
		C9061E13181F07CE003D8A55 /* UIKit.framework in Frameworks */ = {isa = PBXBuildFile; fileRef = C9061DF2181F07CE003D8A55 /* UIKit.framework */; };
		C9061E1B181F07CE003D8A55 /* InfoPlist.strings in Resources */ = {isa = PBXBuildFile; fileRef = C9061E19181F07CE003D8A55 /* InfoPlist.strings */; };
		C9061E1D181F07CE003D8A55 /* wineguideTests.m in Sources */ = {isa = PBXBuildFile; fileRef = C9061E1C181F07CE003D8A55 /* wineguideTests.m */; };
		C9061E30181F1C9C003D8A55 /* RestaurantsCDTVC.m in Sources */ = {isa = PBXBuildFile; fileRef = C9061E2F181F1C9C003D8A55 /* RestaurantsCDTVC.m */; };
		C9061E3A181F216C003D8A55 /* RestaurantCDTVC.m in Sources */ = {isa = PBXBuildFile; fileRef = C9061E39181F216C003D8A55 /* RestaurantCDTVC.m */; };
		C9061E3C181F2767003D8A55 /* RestaurantDetails.xib in Resources */ = {isa = PBXBuildFile; fileRef = C9061E3B181F2767003D8A55 /* RestaurantDetails.xib */; };
		C9061E40181F27F1003D8A55 /* RestaurantHeaderView.m in Sources */ = {isa = PBXBuildFile; fileRef = C9061E3F181F27F1003D8A55 /* RestaurantHeaderView.m */; };
		C9061E43181F2865003D8A55 /* VariableHeightTV.m in Sources */ = {isa = PBXBuildFile; fileRef = C9061E41181F2865003D8A55 /* VariableHeightTV.m */; };
		C9061E46181F2BF2003D8A55 /* RestaurantDetailsVC.m in Sources */ = {isa = PBXBuildFile; fileRef = C9061E45181F2BF2003D8A55 /* RestaurantDetailsVC.m */; };
		C9061E49181F3480003D8A55 /* HomeVC.m in Sources */ = {isa = PBXBuildFile; fileRef = C9061E48181F3480003D8A55 /* HomeVC.m */; };
		C9061E4C181F3658003D8A55 /* WineTVC.m in Sources */ = {isa = PBXBuildFile; fileRef = C9061E4B181F3658003D8A55 /* WineTVC.m */; };
		C9061E4E181F36BE003D8A55 /* WineDetails.xib in Resources */ = {isa = PBXBuildFile; fileRef = C9061E4D181F36BE003D8A55 /* WineDetails.xib */; };
		C9061E53181F3CD3003D8A55 /* star_empty.png in Resources */ = {isa = PBXBuildFile; fileRef = C9061E50181F3CD3003D8A55 /* star_empty.png */; };
		C9061E54181F3CD3003D8A55 /* star_full.png in Resources */ = {isa = PBXBuildFile; fileRef = C9061E51181F3CD3003D8A55 /* star_full.png */; };
		C9061E55181F3CD3003D8A55 /* star_half.png in Resources */ = {isa = PBXBuildFile; fileRef = C9061E52181F3CD3003D8A55 /* star_half.png */; };
		C9061E58181F3D2F003D8A55 /* WineHeaderView.m in Sources */ = {isa = PBXBuildFile; fileRef = C9061E57181F3D2F003D8A55 /* WineHeaderView.m */; };
		C92DEFF218242D16009DCB2C /* Varietal+CreateAndModify.m in Sources */ = {isa = PBXBuildFile; fileRef = C92DEFF118242D16009DCB2C /* Varietal+CreateAndModify.m */; };
		C92DF00718247082009DCB2C /* NSDictionary+Helper.m in Sources */ = {isa = PBXBuildFile; fileRef = C92DF00618247082009DCB2C /* NSDictionary+Helper.m */; };
		C92DF00A182476EF009DCB2C /* TastingNote+CreateAndModify.m in Sources */ = {isa = PBXBuildFile; fileRef = C92DF009182476EF009DCB2C /* TastingNote+CreateAndModify.m */; };
		C92DF031182479AF009DCB2C /* Varietal.m in Sources */ = {isa = PBXBuildFile; fileRef = C92DF030182479AF009DCB2C /* Varietal.m */; };
		C92DF034182479B0009DCB2C /* Brand.m in Sources */ = {isa = PBXBuildFile; fileRef = C92DF033182479B0009DCB2C /* Brand.m */; };
		C92DF037182479B0009DCB2C /* Wine.m in Sources */ = {isa = PBXBuildFile; fileRef = C92DF036182479B0009DCB2C /* Wine.m */; };
		C92DF03A182479B0009DCB2C /* Recommendation.m in Sources */ = {isa = PBXBuildFile; fileRef = C92DF039182479B0009DCB2C /* Recommendation.m */; };
		C92DF03D182479B0009DCB2C /* TastingNote.m in Sources */ = {isa = PBXBuildFile; fileRef = C92DF03C182479B0009DCB2C /* TastingNote.m */; };
		C92DF040182479B0009DCB2C /* Restaurant.m in Sources */ = {isa = PBXBuildFile; fileRef = C92DF03F182479B0009DCB2C /* Restaurant.m */; };
		C92DF04318247AB3009DCB2C /* Brand+CreateAndModify.m in Sources */ = {isa = PBXBuildFile; fileRef = C92DF04218247AB3009DCB2C /* Brand+CreateAndModify.m */; };
		C98DEFB018217BE70038216C /* RestaurantDataHelper.m in Sources */ = {isa = PBXBuildFile; fileRef = C98DEFAF18217BE70038216C /* RestaurantDataHelper.m */; };
		C98DEFB31821C7E30038216C /* LocationHelper.m in Sources */ = {isa = PBXBuildFile; fileRef = C98DEFB21821C7E30038216C /* LocationHelper.m */; };
		C98DEFC71821DA790038216C /* CoreDataTableViewController.m in Sources */ = {isa = PBXBuildFile; fileRef = C98DEFC61821DA790038216C /* CoreDataTableViewController.m */; };
		C98DEFD91822D7740038216C /* JSONTOCoreDataHelper.m in Sources */ = {isa = PBXBuildFile; fileRef = C98DEFD81822D7740038216C /* JSONTOCoreDataHelper.m */; };
		C98DEFDC1822DADC0038216C /* WineDataHelper.m in Sources */ = {isa = PBXBuildFile; fileRef = C98DEFDB1822DADC0038216C /* WineDataHelper.m */; };
		C98DEFE5182310060038216C /* Wine+CreateAndModify.m in Sources */ = {isa = PBXBuildFile; fileRef = C98DEFE4182310060038216C /* Wine+CreateAndModify.m */; };
		C98DEFE8182312130038216C /* ManagedObjectHandler.m in Sources */ = {isa = PBXBuildFile; fileRef = C98DEFE7182312130038216C /* ManagedObjectHandler.m */; };
		C98DEFFD182329D30038216C /* leszygomates.json in Resources */ = {isa = PBXBuildFile; fileRef = C98DEFF9182329D30038216C /* leszygomates.json */; };
		C98DEFFE182329D30038216C /* restaurants.json in Resources */ = {isa = PBXBuildFile; fileRef = C98DEFFA182329D30038216C /* restaurants.json */; };
		C98DEFFF182329D30038216C /* strega-waterfront.json in Resources */ = {isa = PBXBuildFile; fileRef = C98DEFFB182329D30038216C /* strega-waterfront.json */; };
		C98DF000182329D30038216C /* tico.json in Resources */ = {isa = PBXBuildFile; fileRef = C98DEFFC182329D30038216C /* tico.json */; };
		C9DDD08718201EEC000A6FD7 /* DocumentHandler.m in Sources */ = {isa = PBXBuildFile; fileRef = C9DDD08618201EEC000A6FD7 /* DocumentHandler.m */; };
		C9DDD08918201F0C000A6FD7 /* CoreData.framework in Frameworks */ = {isa = PBXBuildFile; fileRef = C9DDD08818201F0C000A6FD7 /* CoreData.framework */; };
		C9DDD08C1820307D000A6FD7 /* InitialTabBarController.m in Sources */ = {isa = PBXBuildFile; fileRef = C9DDD08B1820307D000A6FD7 /* InitialTabBarController.m */; };
		C9DDD08F182036D5000A6FD7 /* Model.xcdatamodeld in Sources */ = {isa = PBXBuildFile; fileRef = C9DDD08D182036D5000A6FD7 /* Model.xcdatamodeld */; };
		C9DDD0A11820885C000A6FD7 /* Restaurant+CreateAndModify.m in Sources */ = {isa = PBXBuildFile; fileRef = C9DDD0A01820885C000A6FD7 /* Restaurant+CreateAndModify.m */; };
		C9F47976181F4D940026A383 /* WineDetailsVC.m in Sources */ = {isa = PBXBuildFile; fileRef = C9F47975181F4D940026A383 /* WineDetailsVC.m */; };
/* End PBXBuildFile section */

/* Begin PBXContainerItemProxy section */
		C9061E14181F07CE003D8A55 /* PBXContainerItemProxy */ = {
			isa = PBXContainerItemProxy;
			containerPortal = C9061DE3181F07CE003D8A55 /* Project object */;
			proxyType = 1;
			remoteGlobalIDString = C9061DEA181F07CE003D8A55;
			remoteInfo = wineguide;
		};
/* End PBXContainerItemProxy section */

/* Begin PBXFileReference section */
		C9061DEB181F07CE003D8A55 /* wineguide.app */ = {isa = PBXFileReference; explicitFileType = wrapper.application; includeInIndex = 0; path = wineguide.app; sourceTree = BUILT_PRODUCTS_DIR; };
		C9061DEE181F07CE003D8A55 /* Foundation.framework */ = {isa = PBXFileReference; lastKnownFileType = wrapper.framework; name = Foundation.framework; path = System/Library/Frameworks/Foundation.framework; sourceTree = SDKROOT; };
		C9061DF0181F07CE003D8A55 /* CoreGraphics.framework */ = {isa = PBXFileReference; lastKnownFileType = wrapper.framework; name = CoreGraphics.framework; path = System/Library/Frameworks/CoreGraphics.framework; sourceTree = SDKROOT; };
		C9061DF2181F07CE003D8A55 /* UIKit.framework */ = {isa = PBXFileReference; lastKnownFileType = wrapper.framework; name = UIKit.framework; path = System/Library/Frameworks/UIKit.framework; sourceTree = SDKROOT; };
		C9061DF6181F07CE003D8A55 /* wineguide-Info.plist */ = {isa = PBXFileReference; lastKnownFileType = text.plist.xml; path = "wineguide-Info.plist"; sourceTree = "<group>"; };
		C9061DF8181F07CE003D8A55 /* en */ = {isa = PBXFileReference; lastKnownFileType = text.plist.strings; name = en; path = en.lproj/InfoPlist.strings; sourceTree = "<group>"; };
		C9061DFA181F07CE003D8A55 /* main.m */ = {isa = PBXFileReference; lastKnownFileType = sourcecode.c.objc; path = main.m; sourceTree = "<group>"; };
		C9061DFC181F07CE003D8A55 /* wineguide-Prefix.pch */ = {isa = PBXFileReference; lastKnownFileType = sourcecode.c.h; path = "wineguide-Prefix.pch"; sourceTree = "<group>"; };
		C9061DFD181F07CE003D8A55 /* AppDelegate.h */ = {isa = PBXFileReference; lastKnownFileType = sourcecode.c.h; path = AppDelegate.h; sourceTree = "<group>"; };
		C9061DFE181F07CE003D8A55 /* AppDelegate.m */ = {isa = PBXFileReference; lastKnownFileType = sourcecode.c.objc; path = AppDelegate.m; sourceTree = "<group>"; };
		C9061E01181F07CE003D8A55 /* Base */ = {isa = PBXFileReference; lastKnownFileType = file.storyboard; name = Base; path = Base.lproj/iPhone.storyboard; sourceTree = "<group>"; };
		C9061E04181F07CE003D8A55 /* Base */ = {isa = PBXFileReference; lastKnownFileType = file.storyboard; name = Base; path = Base.lproj/iPad.storyboard; sourceTree = "<group>"; };
		C9061E09181F07CE003D8A55 /* Images.xcassets */ = {isa = PBXFileReference; lastKnownFileType = folder.assetcatalog; path = Images.xcassets; sourceTree = "<group>"; };
		C9061E0F181F07CE003D8A55 /* wineguideTests.xctest */ = {isa = PBXFileReference; explicitFileType = wrapper.cfbundle; includeInIndex = 0; path = wineguideTests.xctest; sourceTree = BUILT_PRODUCTS_DIR; };
		C9061E10181F07CE003D8A55 /* XCTest.framework */ = {isa = PBXFileReference; lastKnownFileType = wrapper.framework; name = XCTest.framework; path = Library/Frameworks/XCTest.framework; sourceTree = DEVELOPER_DIR; };
		C9061E18181F07CE003D8A55 /* wineguideTests-Info.plist */ = {isa = PBXFileReference; lastKnownFileType = text.plist.xml; path = "wineguideTests-Info.plist"; sourceTree = "<group>"; };
		C9061E1A181F07CE003D8A55 /* en */ = {isa = PBXFileReference; lastKnownFileType = text.plist.strings; name = en; path = en.lproj/InfoPlist.strings; sourceTree = "<group>"; };
		C9061E1C181F07CE003D8A55 /* wineguideTests.m */ = {isa = PBXFileReference; lastKnownFileType = sourcecode.c.objc; path = wineguideTests.m; sourceTree = "<group>"; };
		C9061E2E181F1C9C003D8A55 /* RestaurantsCDTVC.h */ = {isa = PBXFileReference; fileEncoding = 4; lastKnownFileType = sourcecode.c.h; name = RestaurantsCDTVC.h; path = controllers/RestaurantsCDTVC.h; sourceTree = "<group>"; };
		C9061E2F181F1C9C003D8A55 /* RestaurantsCDTVC.m */ = {isa = PBXFileReference; fileEncoding = 4; lastKnownFileType = sourcecode.c.objc; name = RestaurantsCDTVC.m; path = controllers/RestaurantsCDTVC.m; sourceTree = "<group>"; };
		C9061E38181F216C003D8A55 /* RestaurantCDTVC.h */ = {isa = PBXFileReference; fileEncoding = 4; lastKnownFileType = sourcecode.c.h; name = RestaurantCDTVC.h; path = controllers/RestaurantCDTVC.h; sourceTree = "<group>"; };
		C9061E39181F216C003D8A55 /* RestaurantCDTVC.m */ = {isa = PBXFileReference; fileEncoding = 4; lastKnownFileType = sourcecode.c.objc; name = RestaurantCDTVC.m; path = controllers/RestaurantCDTVC.m; sourceTree = "<group>"; };
		C9061E3B181F2767003D8A55 /* RestaurantDetails.xib */ = {isa = PBXFileReference; fileEncoding = 4; lastKnownFileType = file.xib; name = RestaurantDetails.xib; path = xibs/RestaurantDetails.xib; sourceTree = "<group>"; };
		C9061E3E181F27F1003D8A55 /* RestaurantHeaderView.h */ = {isa = PBXFileReference; fileEncoding = 4; lastKnownFileType = sourcecode.c.h; name = RestaurantHeaderView.h; path = views/RestaurantHeaderView.h; sourceTree = "<group>"; };
		C9061E3F181F27F1003D8A55 /* RestaurantHeaderView.m */ = {isa = PBXFileReference; fileEncoding = 4; lastKnownFileType = sourcecode.c.objc; name = RestaurantHeaderView.m; path = views/RestaurantHeaderView.m; sourceTree = "<group>"; };
		C9061E41181F2865003D8A55 /* VariableHeightTV.m */ = {isa = PBXFileReference; fileEncoding = 4; lastKnownFileType = sourcecode.c.objc; name = VariableHeightTV.m; path = views/VariableHeightTV.m; sourceTree = "<group>"; };
		C9061E42181F2865003D8A55 /* VariableHeightTV.h */ = {isa = PBXFileReference; fileEncoding = 4; lastKnownFileType = sourcecode.c.h; name = VariableHeightTV.h; path = views/VariableHeightTV.h; sourceTree = "<group>"; };
		C9061E44181F2BF2003D8A55 /* RestaurantDetailsVC.h */ = {isa = PBXFileReference; fileEncoding = 4; lastKnownFileType = sourcecode.c.h; name = RestaurantDetailsVC.h; path = controllers/RestaurantDetailsVC.h; sourceTree = "<group>"; };
		C9061E45181F2BF2003D8A55 /* RestaurantDetailsVC.m */ = {isa = PBXFileReference; fileEncoding = 4; lastKnownFileType = sourcecode.c.objc; name = RestaurantDetailsVC.m; path = controllers/RestaurantDetailsVC.m; sourceTree = "<group>"; };
		C9061E47181F3480003D8A55 /* HomeVC.h */ = {isa = PBXFileReference; fileEncoding = 4; lastKnownFileType = sourcecode.c.h; name = HomeVC.h; path = controllers/HomeVC.h; sourceTree = "<group>"; };
		C9061E48181F3480003D8A55 /* HomeVC.m */ = {isa = PBXFileReference; fileEncoding = 4; lastKnownFileType = sourcecode.c.objc; name = HomeVC.m; path = controllers/HomeVC.m; sourceTree = "<group>"; };
		C9061E4A181F3658003D8A55 /* WineTVC.h */ = {isa = PBXFileReference; fileEncoding = 4; lastKnownFileType = sourcecode.c.h; name = WineTVC.h; path = controllers/WineTVC.h; sourceTree = "<group>"; };
		C9061E4B181F3658003D8A55 /* WineTVC.m */ = {isa = PBXFileReference; fileEncoding = 4; lastKnownFileType = sourcecode.c.objc; name = WineTVC.m; path = controllers/WineTVC.m; sourceTree = "<group>"; };
		C9061E4D181F36BE003D8A55 /* WineDetails.xib */ = {isa = PBXFileReference; fileEncoding = 4; lastKnownFileType = file.xib; name = WineDetails.xib; path = xibs/WineDetails.xib; sourceTree = "<group>"; };
		C9061E50181F3CD3003D8A55 /* star_empty.png */ = {isa = PBXFileReference; lastKnownFileType = image.png; name = star_empty.png; path = images/star_empty.png; sourceTree = "<group>"; };
		C9061E51181F3CD3003D8A55 /* star_full.png */ = {isa = PBXFileReference; lastKnownFileType = image.png; name = star_full.png; path = images/star_full.png; sourceTree = "<group>"; };
		C9061E52181F3CD3003D8A55 /* star_half.png */ = {isa = PBXFileReference; lastKnownFileType = image.png; name = star_half.png; path = images/star_half.png; sourceTree = "<group>"; };
		C9061E56181F3D2F003D8A55 /* WineHeaderView.h */ = {isa = PBXFileReference; fileEncoding = 4; lastKnownFileType = sourcecode.c.h; name = WineHeaderView.h; path = views/WineHeaderView.h; sourceTree = "<group>"; };
		C9061E57181F3D2F003D8A55 /* WineHeaderView.m */ = {isa = PBXFileReference; fileEncoding = 4; lastKnownFileType = sourcecode.c.objc; name = WineHeaderView.m; path = views/WineHeaderView.m; sourceTree = "<group>"; };
		C90B6F85182415AD0012FE5F /* Model 2.xcdatamodel */ = {isa = PBXFileReference; lastKnownFileType = wrapper.xcdatamodel; path = "Model 2.xcdatamodel"; sourceTree = "<group>"; };
		C90B6FCF18241F080012FE5F /* Model 3.xcdatamodel */ = {isa = PBXFileReference; lastKnownFileType = wrapper.xcdatamodel; path = "Model 3.xcdatamodel"; sourceTree = "<group>"; };
		C92DEFF018242D16009DCB2C /* Varietal+CreateAndModify.h */ = {isa = PBXFileReference; fileEncoding = 4; lastKnownFileType = sourcecode.c.h; name = "Varietal+CreateAndModify.h"; path = "model/Varietal+CreateAndModify.h"; sourceTree = "<group>"; };
		C92DEFF118242D16009DCB2C /* Varietal+CreateAndModify.m */ = {isa = PBXFileReference; fileEncoding = 4; lastKnownFileType = sourcecode.c.objc; name = "Varietal+CreateAndModify.m"; path = "model/Varietal+CreateAndModify.m"; sourceTree = "<group>"; };
		C92DF00518247082009DCB2C /* NSDictionary+Helper.h */ = {isa = PBXFileReference; fileEncoding = 4; lastKnownFileType = sourcecode.c.h; name = "NSDictionary+Helper.h"; path = "supportingFiles/NSDictionary+Helper.h"; sourceTree = "<group>"; };
		C92DF00618247082009DCB2C /* NSDictionary+Helper.m */ = {isa = PBXFileReference; fileEncoding = 4; lastKnownFileType = sourcecode.c.objc; name = "NSDictionary+Helper.m"; path = "supportingFiles/NSDictionary+Helper.m"; sourceTree = "<group>"; };
		C92DF008182476EF009DCB2C /* TastingNote+CreateAndModify.h */ = {isa = PBXFileReference; fileEncoding = 4; lastKnownFileType = sourcecode.c.h; name = "TastingNote+CreateAndModify.h"; path = "model/TastingNote+CreateAndModify.h"; sourceTree = "<group>"; };
		C92DF009182476EF009DCB2C /* TastingNote+CreateAndModify.m */ = {isa = PBXFileReference; fileEncoding = 4; lastKnownFileType = sourcecode.c.objc; name = "TastingNote+CreateAndModify.m"; path = "model/TastingNote+CreateAndModify.m"; sourceTree = "<group>"; };
		C92DF02F182479AF009DCB2C /* Varietal.h */ = {isa = PBXFileReference; fileEncoding = 4; lastKnownFileType = sourcecode.c.h; name = Varietal.h; path = model/managedObjects/Varietal.h; sourceTree = "<group>"; };
		C92DF030182479AF009DCB2C /* Varietal.m */ = {isa = PBXFileReference; fileEncoding = 4; lastKnownFileType = sourcecode.c.objc; name = Varietal.m; path = model/managedObjects/Varietal.m; sourceTree = "<group>"; };
		C92DF032182479B0009DCB2C /* Brand.h */ = {isa = PBXFileReference; fileEncoding = 4; lastKnownFileType = sourcecode.c.h; name = Brand.h; path = model/managedObjects/Brand.h; sourceTree = "<group>"; };
		C92DF033182479B0009DCB2C /* Brand.m */ = {isa = PBXFileReference; fileEncoding = 4; lastKnownFileType = sourcecode.c.objc; name = Brand.m; path = model/managedObjects/Brand.m; sourceTree = "<group>"; };
		C92DF035182479B0009DCB2C /* Wine.h */ = {isa = PBXFileReference; fileEncoding = 4; lastKnownFileType = sourcecode.c.h; name = Wine.h; path = model/managedObjects/Wine.h; sourceTree = "<group>"; };
		C92DF036182479B0009DCB2C /* Wine.m */ = {isa = PBXFileReference; fileEncoding = 4; lastKnownFileType = sourcecode.c.objc; name = Wine.m; path = model/managedObjects/Wine.m; sourceTree = "<group>"; };
		C92DF038182479B0009DCB2C /* Recommendation.h */ = {isa = PBXFileReference; fileEncoding = 4; lastKnownFileType = sourcecode.c.h; name = Recommendation.h; path = model/managedObjects/Recommendation.h; sourceTree = "<group>"; };
		C92DF039182479B0009DCB2C /* Recommendation.m */ = {isa = PBXFileReference; fileEncoding = 4; lastKnownFileType = sourcecode.c.objc; name = Recommendation.m; path = model/managedObjects/Recommendation.m; sourceTree = "<group>"; };
		C92DF03B182479B0009DCB2C /* TastingNote.h */ = {isa = PBXFileReference; fileEncoding = 4; lastKnownFileType = sourcecode.c.h; name = TastingNote.h; path = model/managedObjects/TastingNote.h; sourceTree = "<group>"; };
		C92DF03C182479B0009DCB2C /* TastingNote.m */ = {isa = PBXFileReference; fileEncoding = 4; lastKnownFileType = sourcecode.c.objc; name = TastingNote.m; path = model/managedObjects/TastingNote.m; sourceTree = "<group>"; };
		C92DF03E182479B0009DCB2C /* Restaurant.h */ = {isa = PBXFileReference; fileEncoding = 4; lastKnownFileType = sourcecode.c.h; name = Restaurant.h; path = model/managedObjects/Restaurant.h; sourceTree = "<group>"; };
		C92DF03F182479B0009DCB2C /* Restaurant.m */ = {isa = PBXFileReference; fileEncoding = 4; lastKnownFileType = sourcecode.c.objc; name = Restaurant.m; path = model/managedObjects/Restaurant.m; sourceTree = "<group>"; };
		C92DF04118247AB3009DCB2C /* Brand+CreateAndModify.h */ = {isa = PBXFileReference; fileEncoding = 4; lastKnownFileType = sourcecode.c.h; name = "Brand+CreateAndModify.h"; path = "model/Brand+CreateAndModify.h"; sourceTree = "<group>"; };
		C92DF04218247AB3009DCB2C /* Brand+CreateAndModify.m */ = {isa = PBXFileReference; fileEncoding = 4; lastKnownFileType = sourcecode.c.objc; name = "Brand+CreateAndModify.m"; path = "model/Brand+CreateAndModify.m"; sourceTree = "<group>"; };
		C98DEFAE18217BE70038216C /* RestaurantDataHelper.h */ = {isa = PBXFileReference; fileEncoding = 4; lastKnownFileType = sourcecode.c.h; name = RestaurantDataHelper.h; path = model/RestaurantDataHelper.h; sourceTree = "<group>"; };
		C98DEFAF18217BE70038216C /* RestaurantDataHelper.m */ = {isa = PBXFileReference; fileEncoding = 4; lastKnownFileType = sourcecode.c.objc; name = RestaurantDataHelper.m; path = model/RestaurantDataHelper.m; sourceTree = "<group>"; };
		C98DEFB11821C7E30038216C /* LocationHelper.h */ = {isa = PBXFileReference; fileEncoding = 4; lastKnownFileType = sourcecode.c.h; name = LocationHelper.h; path = model/LocationHelper.h; sourceTree = "<group>"; };
		C98DEFB21821C7E30038216C /* LocationHelper.m */ = {isa = PBXFileReference; fileEncoding = 4; lastKnownFileType = sourcecode.c.objc; name = LocationHelper.m; path = model/LocationHelper.m; sourceTree = "<group>"; };
		C98DEFC51821DA790038216C /* CoreDataTableViewController.h */ = {isa = PBXFileReference; fileEncoding = 4; lastKnownFileType = sourcecode.c.h; name = CoreDataTableViewController.h; path = controllers/CoreDataTableViewController.h; sourceTree = "<group>"; };
		C98DEFC61821DA790038216C /* CoreDataTableViewController.m */ = {isa = PBXFileReference; fileEncoding = 4; lastKnownFileType = sourcecode.c.objc; name = CoreDataTableViewController.m; path = controllers/CoreDataTableViewController.m; sourceTree = "<group>"; };
		C98DEFD71822D7740038216C /* JSONTOCoreDataHelper.h */ = {isa = PBXFileReference; fileEncoding = 4; lastKnownFileType = sourcecode.c.h; name = JSONTOCoreDataHelper.h; path = model/JSONTOCoreDataHelper.h; sourceTree = "<group>"; };
		C98DEFD81822D7740038216C /* JSONTOCoreDataHelper.m */ = {isa = PBXFileReference; fileEncoding = 4; lastKnownFileType = sourcecode.c.objc; name = JSONTOCoreDataHelper.m; path = model/JSONTOCoreDataHelper.m; sourceTree = "<group>"; };
		C98DEFDA1822DADC0038216C /* WineDataHelper.h */ = {isa = PBXFileReference; fileEncoding = 4; lastKnownFileType = sourcecode.c.h; name = WineDataHelper.h; path = model/WineDataHelper.h; sourceTree = "<group>"; };
		C98DEFDB1822DADC0038216C /* WineDataHelper.m */ = {isa = PBXFileReference; fileEncoding = 4; lastKnownFileType = sourcecode.c.objc; name = WineDataHelper.m; path = model/WineDataHelper.m; sourceTree = "<group>"; };
		C98DEFE3182310060038216C /* Wine+CreateAndModify.h */ = {isa = PBXFileReference; fileEncoding = 4; lastKnownFileType = sourcecode.c.h; name = "Wine+CreateAndModify.h"; path = "model/Wine+CreateAndModify.h"; sourceTree = "<group>"; };
		C98DEFE4182310060038216C /* Wine+CreateAndModify.m */ = {isa = PBXFileReference; fileEncoding = 4; lastKnownFileType = sourcecode.c.objc; name = "Wine+CreateAndModify.m"; path = "model/Wine+CreateAndModify.m"; sourceTree = "<group>"; };
		C98DEFE6182312130038216C /* ManagedObjectHandler.h */ = {isa = PBXFileReference; fileEncoding = 4; lastKnownFileType = sourcecode.c.h; name = ManagedObjectHandler.h; path = model/ManagedObjectHandler.h; sourceTree = "<group>"; };
		C98DEFE7182312130038216C /* ManagedObjectHandler.m */ = {isa = PBXFileReference; fileEncoding = 4; lastKnownFileType = sourcecode.c.objc; name = ManagedObjectHandler.m; path = model/ManagedObjectHandler.m; sourceTree = "<group>"; };
		C98DEFF9182329D30038216C /* leszygomates.json */ = {isa = PBXFileReference; fileEncoding = 4; lastKnownFileType = text.json; name = leszygomates.json; path = model/json/leszygomates.json; sourceTree = "<group>"; };
		C98DEFFA182329D30038216C /* restaurants.json */ = {isa = PBXFileReference; fileEncoding = 4; lastKnownFileType = text.json; name = restaurants.json; path = model/json/restaurants.json; sourceTree = "<group>"; };
		C98DEFFB182329D30038216C /* strega-waterfront.json */ = {isa = PBXFileReference; fileEncoding = 4; lastKnownFileType = text.json; name = "strega-waterfront.json"; path = "model/json/strega-waterfront.json"; sourceTree = "<group>"; };
		C98DEFFC182329D30038216C /* tico.json */ = {isa = PBXFileReference; fileEncoding = 4; lastKnownFileType = text.json; name = tico.json; path = model/json/tico.json; sourceTree = "<group>"; };
		C9DDD08518201EEC000A6FD7 /* DocumentHandler.h */ = {isa = PBXFileReference; fileEncoding = 4; lastKnownFileType = sourcecode.c.h; name = DocumentHandler.h; path = model/DocumentHandler.h; sourceTree = "<group>"; };
		C9DDD08618201EEC000A6FD7 /* DocumentHandler.m */ = {isa = PBXFileReference; fileEncoding = 4; lastKnownFileType = sourcecode.c.objc; name = DocumentHandler.m; path = model/DocumentHandler.m; sourceTree = "<group>"; };
		C9DDD08818201F0C000A6FD7 /* CoreData.framework */ = {isa = PBXFileReference; lastKnownFileType = wrapper.framework; name = CoreData.framework; path = System/Library/Frameworks/CoreData.framework; sourceTree = SDKROOT; };
		C9DDD08A1820307D000A6FD7 /* InitialTabBarController.h */ = {isa = PBXFileReference; fileEncoding = 4; lastKnownFileType = sourcecode.c.h; name = InitialTabBarController.h; path = controllers/InitialTabBarController.h; sourceTree = "<group>"; };
		C9DDD08B1820307D000A6FD7 /* InitialTabBarController.m */ = {isa = PBXFileReference; fileEncoding = 4; lastKnownFileType = sourcecode.c.objc; name = InitialTabBarController.m; path = controllers/InitialTabBarController.m; sourceTree = "<group>"; };
		C9DDD08E182036D5000A6FD7 /* Model.xcdatamodel */ = {isa = PBXFileReference; lastKnownFileType = wrapper.xcdatamodel; path = Model.xcdatamodel; sourceTree = "<group>"; };
		C9DDD09F1820885C000A6FD7 /* Restaurant+CreateAndModify.h */ = {isa = PBXFileReference; fileEncoding = 4; lastKnownFileType = sourcecode.c.h; name = "Restaurant+CreateAndModify.h"; path = "model/Restaurant+CreateAndModify.h"; sourceTree = "<group>"; };
		C9DDD0A01820885C000A6FD7 /* Restaurant+CreateAndModify.m */ = {isa = PBXFileReference; fileEncoding = 4; lastKnownFileType = sourcecode.c.objc; name = "Restaurant+CreateAndModify.m"; path = "model/Restaurant+CreateAndModify.m"; sourceTree = "<group>"; };
		C9F47974181F4D940026A383 /* WineDetailsVC.h */ = {isa = PBXFileReference; fileEncoding = 4; lastKnownFileType = sourcecode.c.h; name = WineDetailsVC.h; path = controllers/WineDetailsVC.h; sourceTree = "<group>"; };
		C9F47975181F4D940026A383 /* WineDetailsVC.m */ = {isa = PBXFileReference; fileEncoding = 4; lastKnownFileType = sourcecode.c.objc; name = WineDetailsVC.m; path = controllers/WineDetailsVC.m; sourceTree = "<group>"; };
/* End PBXFileReference section */

/* Begin PBXFrameworksBuildPhase section */
		C9061DE8181F07CE003D8A55 /* Frameworks */ = {
			isa = PBXFrameworksBuildPhase;
			buildActionMask = 2147483647;
			files = (
				C9DDD08918201F0C000A6FD7 /* CoreData.framework in Frameworks */,
				C9061DF1181F07CE003D8A55 /* CoreGraphics.framework in Frameworks */,
				C9061DF3181F07CE003D8A55 /* UIKit.framework in Frameworks */,
				C9061DEF181F07CE003D8A55 /* Foundation.framework in Frameworks */,
			);
			runOnlyForDeploymentPostprocessing = 0;
		};
		C9061E0C181F07CE003D8A55 /* Frameworks */ = {
			isa = PBXFrameworksBuildPhase;
			buildActionMask = 2147483647;
			files = (
				C9061E11181F07CE003D8A55 /* XCTest.framework in Frameworks */,
				C9061E13181F07CE003D8A55 /* UIKit.framework in Frameworks */,
				C9061E12181F07CE003D8A55 /* Foundation.framework in Frameworks */,
			);
			runOnlyForDeploymentPostprocessing = 0;
		};
/* End PBXFrameworksBuildPhase section */

/* Begin PBXGroup section */
		C9061DE2181F07CE003D8A55 = {
			isa = PBXGroup;
			children = (
				C9061DF4181F07CE003D8A55 /* wineguide */,
				C9061E16181F07CE003D8A55 /* wineguideTests */,
				C9061DED181F07CE003D8A55 /* Frameworks */,
				C9061DEC181F07CE003D8A55 /* Products */,
			);
			sourceTree = "<group>";
		};
		C9061DEC181F07CE003D8A55 /* Products */ = {
			isa = PBXGroup;
			children = (
				C9061DEB181F07CE003D8A55 /* wineguide.app */,
				C9061E0F181F07CE003D8A55 /* wineguideTests.xctest */,
			);
			name = Products;
			sourceTree = "<group>";
		};
		C9061DED181F07CE003D8A55 /* Frameworks */ = {
			isa = PBXGroup;
			children = (
				C9DDD08818201F0C000A6FD7 /* CoreData.framework */,
				C9061DEE181F07CE003D8A55 /* Foundation.framework */,
				C9061DF0181F07CE003D8A55 /* CoreGraphics.framework */,
				C9061DF2181F07CE003D8A55 /* UIKit.framework */,
				C9061E10181F07CE003D8A55 /* XCTest.framework */,
			);
			name = Frameworks;
			sourceTree = "<group>";
		};
		C9061DF4181F07CE003D8A55 /* wineguide */ = {
			isa = PBXGroup;
			children = (
				C9061E00181F07CE003D8A55 /* iPhone.storyboard */,
				C9061E03181F07CE003D8A55 /* iPad.storyboard */,
				C9061E3D181F276D003D8A55 /* xibs */,
				C9061E29181F0A14003D8A55 /* controllers */,
				C9061E31181F1E13003D8A55 /* views */,
				C9DDD08418201EBF000A6FD7 /* model */,
				C9061DF5181F07CE003D8A55 /* Supporting Files */,
				C9061E09181F07CE003D8A55 /* Images.xcassets */,
			);
			path = wineguide;
			sourceTree = "<group>";
		};
		C9061DF5181F07CE003D8A55 /* Supporting Files */ = {
			isa = PBXGroup;
			children = (
				C9061E4F181F3CC2003D8A55 /* images */,
				C9061DFD181F07CE003D8A55 /* AppDelegate.h */,
				C9061DFE181F07CE003D8A55 /* AppDelegate.m */,
				C9061DF6181F07CE003D8A55 /* wineguide-Info.plist */,
				C9061DF7181F07CE003D8A55 /* InfoPlist.strings */,
				C9061DFA181F07CE003D8A55 /* main.m */,
				C9061DFC181F07CE003D8A55 /* wineguide-Prefix.pch */,
				C92DF00518247082009DCB2C /* NSDictionary+Helper.h */,
				C92DF00618247082009DCB2C /* NSDictionary+Helper.m */,
			);
			name = "Supporting Files";
			sourceTree = "<group>";
		};
		C9061E16181F07CE003D8A55 /* wineguideTests */ = {
			isa = PBXGroup;
			children = (
				C9061E1C181F07CE003D8A55 /* wineguideTests.m */,
				C9061E17181F07CE003D8A55 /* Supporting Files */,
			);
			path = wineguideTests;
			sourceTree = "<group>";
		};
		C9061E17181F07CE003D8A55 /* Supporting Files */ = {
			isa = PBXGroup;
			children = (
				C9061E18181F07CE003D8A55 /* wineguideTests-Info.plist */,
				C9061E19181F07CE003D8A55 /* InfoPlist.strings */,
			);
			name = "Supporting Files";
			sourceTree = "<group>";
		};
		C9061E29181F0A14003D8A55 /* controllers */ = {
			isa = PBXGroup;
			children = (
				C9DDD08A1820307D000A6FD7 /* InitialTabBarController.h */,
				C9DDD08B1820307D000A6FD7 /* InitialTabBarController.m */,
				C9061E47181F3480003D8A55 /* HomeVC.h */,
				C9061E48181F3480003D8A55 /* HomeVC.m */,
				C9061E2E181F1C9C003D8A55 /* RestaurantsCDTVC.h */,
				C9061E2F181F1C9C003D8A55 /* RestaurantsCDTVC.m */,
				C9061E38181F216C003D8A55 /* RestaurantCDTVC.h */,
				C9061E39181F216C003D8A55 /* RestaurantCDTVC.m */,
				C9061E44181F2BF2003D8A55 /* RestaurantDetailsVC.h */,
				C9061E45181F2BF2003D8A55 /* RestaurantDetailsVC.m */,
				C9061E4A181F3658003D8A55 /* WineTVC.h */,
				C9061E4B181F3658003D8A55 /* WineTVC.m */,
				C9F47974181F4D940026A383 /* WineDetailsVC.h */,
				C9F47975181F4D940026A383 /* WineDetailsVC.m */,
				C98DEFC51821DA790038216C /* CoreDataTableViewController.h */,
				C98DEFC61821DA790038216C /* CoreDataTableViewController.m */,
			);
			name = controllers;
			sourceTree = "<group>";
		};
		C9061E31181F1E13003D8A55 /* views */ = {
			isa = PBXGroup;
			children = (
				C9061E41181F2865003D8A55 /* VariableHeightTV.m */,
				C9061E42181F2865003D8A55 /* VariableHeightTV.h */,
				C9061E3E181F27F1003D8A55 /* RestaurantHeaderView.h */,
				C9061E3F181F27F1003D8A55 /* RestaurantHeaderView.m */,
				C9061E56181F3D2F003D8A55 /* WineHeaderView.h */,
				C9061E57181F3D2F003D8A55 /* WineHeaderView.m */,
			);
			name = views;
			sourceTree = "<group>";
		};
		C9061E3D181F276D003D8A55 /* xibs */ = {
			isa = PBXGroup;
			children = (
				C9061E3B181F2767003D8A55 /* RestaurantDetails.xib */,
				C9061E4D181F36BE003D8A55 /* WineDetails.xib */,
			);
			name = xibs;
			sourceTree = "<group>";
		};
		C9061E4F181F3CC2003D8A55 /* images */ = {
			isa = PBXGroup;
			children = (
				C9061E50181F3CD3003D8A55 /* star_empty.png */,
				C9061E51181F3CD3003D8A55 /* star_full.png */,
				C9061E52181F3CD3003D8A55 /* star_half.png */,
			);
			name = images;
			sourceTree = "<group>";
		};
		C90B6F9818241A5B0012FE5F /* managedObjects */ = {
			isa = PBXGroup;
			children = (
				C92DF03E182479B0009DCB2C /* Restaurant.h */,
				C92DF03F182479B0009DCB2C /* Restaurant.m */,
				C92DF03B182479B0009DCB2C /* TastingNote.h */,
				C92DF03C182479B0009DCB2C /* TastingNote.m */,
				C92DF038182479B0009DCB2C /* Recommendation.h */,
				C92DF039182479B0009DCB2C /* Recommendation.m */,
				C92DF035182479B0009DCB2C /* Wine.h */,
				C92DF036182479B0009DCB2C /* Wine.m */,
				C92DF032182479B0009DCB2C /* Brand.h */,
				C92DF033182479B0009DCB2C /* Brand.m */,
				C92DF02F182479AF009DCB2C /* Varietal.h */,
				C92DF030182479AF009DCB2C /* Varietal.m */,
			);
			name = managedObjects;
			sourceTree = "<group>";
		};
		C98DEFF8182329C30038216C /* json */ = {
			isa = PBXGroup;
			children = (
				C98DEFF9182329D30038216C /* leszygomates.json */,
				C98DEFFA182329D30038216C /* restaurants.json */,
				C98DEFFB182329D30038216C /* strega-waterfront.json */,
				C98DEFFC182329D30038216C /* tico.json */,
			);
			name = json;
			sourceTree = "<group>";
		};
		C9DDD08418201EBF000A6FD7 /* model */ = {
			isa = PBXGroup;
			children = (
				C90B6F9818241A5B0012FE5F /* managedObjects */,
				C98DEFF8182329C30038216C /* json */,
				C9DDD08518201EEC000A6FD7 /* DocumentHandler.h */,
				C9DDD08618201EEC000A6FD7 /* DocumentHandler.m */,
				C9DDD08D182036D5000A6FD7 /* Model.xcdatamodeld */,
				C98DEFD71822D7740038216C /* JSONTOCoreDataHelper.h */,
				C98DEFD81822D7740038216C /* JSONTOCoreDataHelper.m */,
				C98DEFAE18217BE70038216C /* RestaurantDataHelper.h */,
				C98DEFAF18217BE70038216C /* RestaurantDataHelper.m */,
				C98DEFDA1822DADC0038216C /* WineDataHelper.h */,
				C98DEFDB1822DADC0038216C /* WineDataHelper.m */,
				C98DEFE6182312130038216C /* ManagedObjectHandler.h */,
				C98DEFE7182312130038216C /* ManagedObjectHandler.m */,
				C9DDD09F1820885C000A6FD7 /* Restaurant+CreateAndModify.h */,
				C9DDD0A01820885C000A6FD7 /* Restaurant+CreateAndModify.m */,
				C98DEFE3182310060038216C /* Wine+CreateAndModify.h */,
				C98DEFE4182310060038216C /* Wine+CreateAndModify.m */,
				C92DEFF018242D16009DCB2C /* Varietal+CreateAndModify.h */,
				C92DEFF118242D16009DCB2C /* Varietal+CreateAndModify.m */,
				C98DEFB11821C7E30038216C /* LocationHelper.h */,
				C98DEFB21821C7E30038216C /* LocationHelper.m */,
				C92DF008182476EF009DCB2C /* TastingNote+CreateAndModify.h */,
				C92DF009182476EF009DCB2C /* TastingNote+CreateAndModify.m */,
				C92DF04118247AB3009DCB2C /* Brand+CreateAndModify.h */,
				C92DF04218247AB3009DCB2C /* Brand+CreateAndModify.m */,
			);
			name = model;
			sourceTree = "<group>";
		};
/* End PBXGroup section */

/* Begin PBXNativeTarget section */
		C9061DEA181F07CE003D8A55 /* wineguide */ = {
			isa = PBXNativeTarget;
			buildConfigurationList = C9061E20181F07CE003D8A55 /* Build configuration list for PBXNativeTarget "wineguide" */;
			buildPhases = (
				C9061DE7181F07CE003D8A55 /* Sources */,
				C9061DE8181F07CE003D8A55 /* Frameworks */,
				C9061DE9181F07CE003D8A55 /* Resources */,
			);
			buildRules = (
			);
			dependencies = (
			);
			name = wineguide;
			productName = wineguide;
			productReference = C9061DEB181F07CE003D8A55 /* wineguide.app */;
			productType = "com.apple.product-type.application";
		};
		C9061E0E181F07CE003D8A55 /* wineguideTests */ = {
			isa = PBXNativeTarget;
			buildConfigurationList = C9061E23181F07CE003D8A55 /* Build configuration list for PBXNativeTarget "wineguideTests" */;
			buildPhases = (
				C9061E0B181F07CE003D8A55 /* Sources */,
				C9061E0C181F07CE003D8A55 /* Frameworks */,
				C9061E0D181F07CE003D8A55 /* Resources */,
			);
			buildRules = (
			);
			dependencies = (
				C9061E15181F07CE003D8A55 /* PBXTargetDependency */,
			);
			name = wineguideTests;
			productName = wineguideTests;
			productReference = C9061E0F181F07CE003D8A55 /* wineguideTests.xctest */;
			productType = "com.apple.product-type.bundle.unit-test";
		};
/* End PBXNativeTarget section */

/* Begin PBXProject section */
		C9061DE3181F07CE003D8A55 /* Project object */ = {
			isa = PBXProject;
			attributes = {
				LastUpgradeCheck = 0500;
				ORGANIZATIONNAME = AppSimple;
				TargetAttributes = {
					C9061DEA181F07CE003D8A55 = {
						DevelopmentTeam = 3E5665FPU5;
					};
					C9061E0E181F07CE003D8A55 = {
						TestTargetID = C9061DEA181F07CE003D8A55;
					};
				};
			};
			buildConfigurationList = C9061DE6181F07CE003D8A55 /* Build configuration list for PBXProject "wineguide" */;
			compatibilityVersion = "Xcode 3.2";
			developmentRegion = English;
			hasScannedForEncodings = 0;
			knownRegions = (
				en,
				Base,
			);
			mainGroup = C9061DE2181F07CE003D8A55;
			productRefGroup = C9061DEC181F07CE003D8A55 /* Products */;
			projectDirPath = "";
			projectRoot = "";
			targets = (
				C9061DEA181F07CE003D8A55 /* wineguide */,
				C9061E0E181F07CE003D8A55 /* wineguideTests */,
			);
		};
/* End PBXProject section */

/* Begin PBXResourcesBuildPhase section */
		C9061DE9181F07CE003D8A55 /* Resources */ = {
			isa = PBXResourcesBuildPhase;
			buildActionMask = 2147483647;
			files = (
				C9061E05181F07CE003D8A55 /* iPad.storyboard in Resources */,
				C9061E53181F3CD3003D8A55 /* star_empty.png in Resources */,
				C9061E55181F3CD3003D8A55 /* star_half.png in Resources */,
				C98DF000182329D30038216C /* tico.json in Resources */,
				C9061E4E181F36BE003D8A55 /* WineDetails.xib in Resources */,
				C9061E0A181F07CE003D8A55 /* Images.xcassets in Resources */,
				C9061E54181F3CD3003D8A55 /* star_full.png in Resources */,
				C98DEFFD182329D30038216C /* leszygomates.json in Resources */,
				C98DEFFE182329D30038216C /* restaurants.json in Resources */,
				C9061E02181F07CE003D8A55 /* iPhone.storyboard in Resources */,
				C98DEFFF182329D30038216C /* strega-waterfront.json in Resources */,
				C9061DF9181F07CE003D8A55 /* InfoPlist.strings in Resources */,
				C9061E3C181F2767003D8A55 /* RestaurantDetails.xib in Resources */,
			);
			runOnlyForDeploymentPostprocessing = 0;
		};
		C9061E0D181F07CE003D8A55 /* Resources */ = {
			isa = PBXResourcesBuildPhase;
			buildActionMask = 2147483647;
			files = (
				C9061E1B181F07CE003D8A55 /* InfoPlist.strings in Resources */,
			);
			runOnlyForDeploymentPostprocessing = 0;
		};
/* End PBXResourcesBuildPhase section */

/* Begin PBXSourcesBuildPhase section */
		C9061DE7181F07CE003D8A55 /* Sources */ = {
			isa = PBXSourcesBuildPhase;
			buildActionMask = 2147483647;
			files = (
				C92DF034182479B0009DCB2C /* Brand.m in Sources */,
				C98DEFE5182310060038216C /* Wine+CreateAndModify.m in Sources */,
				C9061E4C181F3658003D8A55 /* WineTVC.m in Sources */,
				C9DDD08C1820307D000A6FD7 /* InitialTabBarController.m in Sources */,
				C98DEFC71821DA790038216C /* CoreDataTableViewController.m in Sources */,
				C9061E30181F1C9C003D8A55 /* RestaurantsCDTVC.m in Sources */,
				C9DDD0A11820885C000A6FD7 /* Restaurant+CreateAndModify.m in Sources */,
				C98DEFD91822D7740038216C /* JSONTOCoreDataHelper.m in Sources */,
				C98DEFDC1822DADC0038216C /* WineDataHelper.m in Sources */,
				C9DDD08F182036D5000A6FD7 /* Model.xcdatamodeld in Sources */,
				C92DF040182479B0009DCB2C /* Restaurant.m in Sources */,
				C92DEFF218242D16009DCB2C /* Varietal+CreateAndModify.m in Sources */,
				C9061DFF181F07CE003D8A55 /* AppDelegate.m in Sources */,
				C92DF03D182479B0009DCB2C /* TastingNote.m in Sources */,
				C92DF037182479B0009DCB2C /* Wine.m in Sources */,
				C9061E43181F2865003D8A55 /* VariableHeightTV.m in Sources */,
				C92DF00A182476EF009DCB2C /* TastingNote+CreateAndModify.m in Sources */,
				C9061E3A181F216C003D8A55 /* RestaurantCDTVC.m in Sources */,
				C9061E46181F2BF2003D8A55 /* RestaurantDetailsVC.m in Sources */,
				C92DF04318247AB3009DCB2C /* Brand+CreateAndModify.m in Sources */,
				C9061E58181F3D2F003D8A55 /* WineHeaderView.m in Sources */,
				C92DF00718247082009DCB2C /* NSDictionary+Helper.m in Sources */,
				C9F47976181F4D940026A383 /* WineDetailsVC.m in Sources */,
				C98DEFB018217BE70038216C /* RestaurantDataHelper.m in Sources */,
				C9061E40181F27F1003D8A55 /* RestaurantHeaderView.m in Sources */,
				C9DDD08718201EEC000A6FD7 /* DocumentHandler.m in Sources */,
				C98DEFE8182312130038216C /* ManagedObjectHandler.m in Sources */,
				C98DEFB31821C7E30038216C /* LocationHelper.m in Sources */,
				C9061DFB181F07CE003D8A55 /* main.m in Sources */,
				C9061E49181F3480003D8A55 /* HomeVC.m in Sources */,
				C92DF031182479AF009DCB2C /* Varietal.m in Sources */,
				C92DF03A182479B0009DCB2C /* Recommendation.m in Sources */,
			);
			runOnlyForDeploymentPostprocessing = 0;
		};
		C9061E0B181F07CE003D8A55 /* Sources */ = {
			isa = PBXSourcesBuildPhase;
			buildActionMask = 2147483647;
			files = (
				C9061E1D181F07CE003D8A55 /* wineguideTests.m in Sources */,
			);
			runOnlyForDeploymentPostprocessing = 0;
		};
/* End PBXSourcesBuildPhase section */

/* Begin PBXTargetDependency section */
		C9061E15181F07CE003D8A55 /* PBXTargetDependency */ = {
			isa = PBXTargetDependency;
			target = C9061DEA181F07CE003D8A55 /* wineguide */;
			targetProxy = C9061E14181F07CE003D8A55 /* PBXContainerItemProxy */;
		};
/* End PBXTargetDependency section */

/* Begin PBXVariantGroup section */
		C9061DF7181F07CE003D8A55 /* InfoPlist.strings */ = {
			isa = PBXVariantGroup;
			children = (
				C9061DF8181F07CE003D8A55 /* en */,
			);
			name = InfoPlist.strings;
			sourceTree = "<group>";
		};
		C9061E00181F07CE003D8A55 /* iPhone.storyboard */ = {
			isa = PBXVariantGroup;
			children = (
				C9061E01181F07CE003D8A55 /* Base */,
			);
			name = iPhone.storyboard;
			sourceTree = "<group>";
		};
		C9061E03181F07CE003D8A55 /* iPad.storyboard */ = {
			isa = PBXVariantGroup;
			children = (
				C9061E04181F07CE003D8A55 /* Base */,
			);
			name = iPad.storyboard;
			sourceTree = "<group>";
		};
		C9061E19181F07CE003D8A55 /* InfoPlist.strings */ = {
			isa = PBXVariantGroup;
			children = (
				C9061E1A181F07CE003D8A55 /* en */,
			);
			name = InfoPlist.strings;
			sourceTree = "<group>";
		};
/* End PBXVariantGroup section */

/* Begin XCBuildConfiguration section */
		C9061E1E181F07CE003D8A55 /* Debug */ = {
			isa = XCBuildConfiguration;
			buildSettings = {
				ALWAYS_SEARCH_USER_PATHS = NO;
				ARCHS = "$(ARCHS_STANDARD_INCLUDING_64_BIT)";
				CLANG_CXX_LANGUAGE_STANDARD = "gnu++0x";
				CLANG_CXX_LIBRARY = "libc++";
				CLANG_ENABLE_MODULES = YES;
				CLANG_ENABLE_OBJC_ARC = YES;
				CLANG_WARN_BOOL_CONVERSION = YES;
				CLANG_WARN_CONSTANT_CONVERSION = YES;
				CLANG_WARN_DIRECT_OBJC_ISA_USAGE = YES_ERROR;
				CLANG_WARN_EMPTY_BODY = YES;
				CLANG_WARN_ENUM_CONVERSION = YES;
				CLANG_WARN_INT_CONVERSION = YES;
				CLANG_WARN_OBJC_ROOT_CLASS = YES_ERROR;
				CLANG_WARN__DUPLICATE_METHOD_MATCH = YES;
				"CODE_SIGN_IDENTITY[sdk=iphoneos*]" = "iPhone Developer";
				COPY_PHASE_STRIP = NO;
				GCC_C_LANGUAGE_STANDARD = gnu99;
				GCC_DYNAMIC_NO_PIC = NO;
				GCC_OPTIMIZATION_LEVEL = 0;
				GCC_PREPROCESSOR_DEFINITIONS = (
					"DEBUG=1",
					"$(inherited)",
				);
				GCC_SYMBOLS_PRIVATE_EXTERN = NO;
				GCC_WARN_64_TO_32_BIT_CONVERSION = YES;
				GCC_WARN_ABOUT_RETURN_TYPE = YES_ERROR;
				GCC_WARN_UNDECLARED_SELECTOR = YES;
				GCC_WARN_UNINITIALIZED_AUTOS = YES;
				GCC_WARN_UNUSED_FUNCTION = YES;
				GCC_WARN_UNUSED_VARIABLE = YES;
				IPHONEOS_DEPLOYMENT_TARGET = 7.0;
				ONLY_ACTIVE_ARCH = YES;
				SDKROOT = iphoneos;
				TARGETED_DEVICE_FAMILY = "1,2";
			};
			name = Debug;
		};
		C9061E1F181F07CE003D8A55 /* Release */ = {
			isa = XCBuildConfiguration;
			buildSettings = {
				ALWAYS_SEARCH_USER_PATHS = NO;
				ARCHS = "$(ARCHS_STANDARD_INCLUDING_64_BIT)";
				CLANG_CXX_LANGUAGE_STANDARD = "gnu++0x";
				CLANG_CXX_LIBRARY = "libc++";
				CLANG_ENABLE_MODULES = YES;
				CLANG_ENABLE_OBJC_ARC = YES;
				CLANG_WARN_BOOL_CONVERSION = YES;
				CLANG_WARN_CONSTANT_CONVERSION = YES;
				CLANG_WARN_DIRECT_OBJC_ISA_USAGE = YES_ERROR;
				CLANG_WARN_EMPTY_BODY = YES;
				CLANG_WARN_ENUM_CONVERSION = YES;
				CLANG_WARN_INT_CONVERSION = YES;
				CLANG_WARN_OBJC_ROOT_CLASS = YES_ERROR;
				CLANG_WARN__DUPLICATE_METHOD_MATCH = YES;
				"CODE_SIGN_IDENTITY[sdk=iphoneos*]" = "iPhone Developer";
				COPY_PHASE_STRIP = YES;
				ENABLE_NS_ASSERTIONS = NO;
				GCC_C_LANGUAGE_STANDARD = gnu99;
				GCC_WARN_64_TO_32_BIT_CONVERSION = YES;
				GCC_WARN_ABOUT_RETURN_TYPE = YES_ERROR;
				GCC_WARN_UNDECLARED_SELECTOR = YES;
				GCC_WARN_UNINITIALIZED_AUTOS = YES;
				GCC_WARN_UNUSED_FUNCTION = YES;
				GCC_WARN_UNUSED_VARIABLE = YES;
				IPHONEOS_DEPLOYMENT_TARGET = 7.0;
				SDKROOT = iphoneos;
				TARGETED_DEVICE_FAMILY = "1,2";
				VALIDATE_PRODUCT = YES;
			};
			name = Release;
		};
		C9061E21181F07CE003D8A55 /* Debug */ = {
			isa = XCBuildConfiguration;
			buildSettings = {
				ASSETCATALOG_COMPILER_APPICON_NAME = AppIcon;
				ASSETCATALOG_COMPILER_LAUNCHIMAGE_NAME = LaunchImage;
				CODE_SIGN_IDENTITY = "iPhone Developer";
				GCC_PRECOMPILE_PREFIX_HEADER = YES;
				GCC_PREFIX_HEADER = "wineguide/wineguide-Prefix.pch";
				INFOPLIST_FILE = "wineguide/wineguide-Info.plist";
				IPHONEOS_DEPLOYMENT_TARGET = 7.0;
				PRODUCT_NAME = "$(TARGET_NAME)";
				PROVISIONING_PROFILE = "54AE369F-63C8-49C4-88F6-157978A0F33D";
				WRAPPER_EXTENSION = app;
			};
			name = Debug;
		};
		C9061E22181F07CE003D8A55 /* Release */ = {
			isa = XCBuildConfiguration;
			buildSettings = {
				ASSETCATALOG_COMPILER_APPICON_NAME = AppIcon;
				ASSETCATALOG_COMPILER_LAUNCHIMAGE_NAME = LaunchImage;
				CODE_SIGN_IDENTITY = "iPhone Developer";
				"CODE_SIGN_IDENTITY[sdk=iphoneos*]" = "";
				GCC_PRECOMPILE_PREFIX_HEADER = YES;
				GCC_PREFIX_HEADER = "wineguide/wineguide-Prefix.pch";
				INFOPLIST_FILE = "wineguide/wineguide-Info.plist";
				IPHONEOS_DEPLOYMENT_TARGET = 7.0;
				PRODUCT_NAME = "$(TARGET_NAME)";
				PROVISIONING_PROFILE = "54AE369F-63C8-49C4-88F6-157978A0F33D";
				WRAPPER_EXTENSION = app;
			};
			name = Release;
		};
		C9061E24181F07CE003D8A55 /* Debug */ = {
			isa = XCBuildConfiguration;
			buildSettings = {
				ARCHS = "$(ARCHS_STANDARD_INCLUDING_64_BIT)";
				BUNDLE_LOADER = "$(BUILT_PRODUCTS_DIR)/wineguide.app/wineguide";
				FRAMEWORK_SEARCH_PATHS = (
					"$(SDKROOT)/Developer/Library/Frameworks",
					"$(inherited)",
					"$(DEVELOPER_FRAMEWORKS_DIR)",
				);
				GCC_PRECOMPILE_PREFIX_HEADER = YES;
				GCC_PREFIX_HEADER = "wineguide/wineguide-Prefix.pch";
				GCC_PREPROCESSOR_DEFINITIONS = (
					"DEBUG=1",
					"$(inherited)",
				);
				INFOPLIST_FILE = "wineguideTests/wineguideTests-Info.plist";
				PRODUCT_NAME = "$(TARGET_NAME)";
				TEST_HOST = "$(BUNDLE_LOADER)";
				WRAPPER_EXTENSION = xctest;
			};
			name = Debug;
		};
		C9061E25181F07CE003D8A55 /* Release */ = {
			isa = XCBuildConfiguration;
			buildSettings = {
				ARCHS = "$(ARCHS_STANDARD_INCLUDING_64_BIT)";
				BUNDLE_LOADER = "$(BUILT_PRODUCTS_DIR)/wineguide.app/wineguide";
				FRAMEWORK_SEARCH_PATHS = (
					"$(SDKROOT)/Developer/Library/Frameworks",
					"$(inherited)",
					"$(DEVELOPER_FRAMEWORKS_DIR)",
				);
				GCC_PRECOMPILE_PREFIX_HEADER = YES;
				GCC_PREFIX_HEADER = "wineguide/wineguide-Prefix.pch";
				INFOPLIST_FILE = "wineguideTests/wineguideTests-Info.plist";
				PRODUCT_NAME = "$(TARGET_NAME)";
				TEST_HOST = "$(BUNDLE_LOADER)";
				WRAPPER_EXTENSION = xctest;
			};
			name = Release;
		};
/* End XCBuildConfiguration section */

/* Begin XCConfigurationList section */
		C9061DE6181F07CE003D8A55 /* Build configuration list for PBXProject "wineguide" */ = {
			isa = XCConfigurationList;
			buildConfigurations = (
				C9061E1E181F07CE003D8A55 /* Debug */,
				C9061E1F181F07CE003D8A55 /* Release */,
			);
			defaultConfigurationIsVisible = 0;
			defaultConfigurationName = Release;
		};
		C9061E20181F07CE003D8A55 /* Build configuration list for PBXNativeTarget "wineguide" */ = {
			isa = XCConfigurationList;
			buildConfigurations = (
				C9061E21181F07CE003D8A55 /* Debug */,
				C9061E22181F07CE003D8A55 /* Release */,
			);
			defaultConfigurationIsVisible = 0;
			defaultConfigurationName = Release;
		};
		C9061E23181F07CE003D8A55 /* Build configuration list for PBXNativeTarget "wineguideTests" */ = {
			isa = XCConfigurationList;
			buildConfigurations = (
				C9061E24181F07CE003D8A55 /* Debug */,
				C9061E25181F07CE003D8A55 /* Release */,
			);
			defaultConfigurationIsVisible = 0;
			defaultConfigurationName = Release;
		};
/* End XCConfigurationList section */

/* Begin XCVersionGroup section */
		C9DDD08D182036D5000A6FD7 /* Model.xcdatamodeld */ = {
			isa = XCVersionGroup;
			children = (
				C90B6FCF18241F080012FE5F /* Model 3.xcdatamodel */,
				C90B6F85182415AD0012FE5F /* Model 2.xcdatamodel */,
				C9DDD08E182036D5000A6FD7 /* Model.xcdatamodel */,
			);
			currentVersion = C90B6FCF18241F080012FE5F /* Model 3.xcdatamodel */;
			name = Model.xcdatamodeld;
			path = model/Model.xcdatamodeld;
			sourceTree = "<group>";
			versionGroupType = wrapper.xcdatamodel;
		};
/* End XCVersionGroup section */
	};
	rootObject = C9061DE3181F07CE003D8A55 /* Project object */;
}
